
Microsoft Visual Studio Solution File, Format Version 11.00
# Visual Studio 2010
Project("{FAE04EC0-301F-11D3-BF4B-00C04F79EFBC}") = "AlexVersion", "Assembly-CSharp-firstpass.csproj", "{F4D097B9-09DB-DF4E-0675-D5E2DD1C88EB}"
EndProject
Project("{FAE04EC0-301F-11D3-BF4B-00C04F79EFBC}") = "AlexVersion", "Assembly-CSharp.csproj", "{11021A07-1910-7B7B-B386-E7367BF37355}"
EndProject
Project("{FAE04EC0-301F-11D3-BF4B-00C04F79EFBC}") = "AlexVersion", "Assembly-CSharp-Editor-firstpass.csproj", "{EE370945-A9DA-D47C-3DDC-E0ADA43BA055}"
EndProject
Global
	GlobalSection(SolutionConfigurationPlatforms) = preSolution
		Debug|Any CPU = Debug|Any CPU
		Release|Any CPU = Release|Any CPU
	EndGlobalSection
	GlobalSection(ProjectConfigurationPlatforms) = postSolution
		{F4D097B9-09DB-DF4E-0675-D5E2DD1C88EB}.Debug|Any CPU.ActiveCfg = Debug|Any CPU
		{F4D097B9-09DB-DF4E-0675-D5E2DD1C88EB}.Debug|Any CPU.Build.0 = Debug|Any CPU
		{F4D097B9-09DB-DF4E-0675-D5E2DD1C88EB}.Release|Any CPU.ActiveCfg = Release|Any CPU
		{F4D097B9-09DB-DF4E-0675-D5E2DD1C88EB}.Release|Any CPU.Build.0 = Release|Any CPU
		{11021A07-1910-7B7B-B386-E7367BF37355}.Debug|Any CPU.ActiveCfg = Debug|Any CPU
		{11021A07-1910-7B7B-B386-E7367BF37355}.Debug|Any CPU.Build.0 = Debug|Any CPU
		{11021A07-1910-7B7B-B386-E7367BF37355}.Release|Any CPU.ActiveCfg = Release|Any CPU
		{11021A07-1910-7B7B-B386-E7367BF37355}.Release|Any CPU.Build.0 = Release|Any CPU
		{EE370945-A9DA-D47C-3DDC-E0ADA43BA055}.Debug|Any CPU.ActiveCfg = Debug|Any CPU
		{EE370945-A9DA-D47C-3DDC-E0ADA43BA055}.Debug|Any CPU.Build.0 = Debug|Any CPU
		{EE370945-A9DA-D47C-3DDC-E0ADA43BA055}.Release|Any CPU.ActiveCfg = Release|Any CPU
		{EE370945-A9DA-D47C-3DDC-E0ADA43BA055}.Release|Any CPU.Build.0 = Release|Any CPU
	EndGlobalSection
	GlobalSection(SolutionProperties) = preSolution
		HideSolutionNode = FALSE
	EndGlobalSection
	GlobalSection(MonoDevelopProperties) = preSolution
		StartupItem = Assembly-CSharp.csproj
	EndGlobalSection
EndGlobal
